# THIS IS AN AUTOGENERATED FILE. DO NOT EDIT THIS FILE DIRECTLY.
# yarn lockfile v1


"@icon/cryptocurrency-icons@0.0.3":
  version "0.0.3"
  resolved "https://registry.yarnpkg.com/@icon/cryptocurrency-icons/-/cryptocurrency-icons-0.0.3.tgz#09176ddcbaff495d400a3db7318469afc29b6ef0"

currency-flags@^1.5.0:
  version "1.5.0"
  resolved "https://registry.yarnpkg.com/currency-flags/-/currency-flags-1.5.0.tgz#21dec87670fff6c51a24f6d7c2e915ce561de6c8"

raven-js@^3.22.1:
  version "3.22.1"
  resolved "https://registry.yarnpkg.com/raven-js/-/raven-js-3.22.1.tgz#1117f00dfefaa427ef6e1a7d50bbb1fb998a24da"
